# This file is automatically @generated by Cargo.
# It is not intended for manual editing.
version = 3

[[package]]
name = "common_host"
version = "0.1.0"
dependencies = [
 "door1",
 "door2",
 "door3",
 "door4",
 "door5",
 "door6",
 "door8",
 "door9",
]

[[package]]
name = "door1"
version = "0.1.0"

[[package]]
name = "door2"
version = "0.1.0"

[[package]]
name = "door3"
version = "0.1.0"

[[package]]
name = "door4"
version = "0.1.0"

[[package]]
name = "door5"
version = "0.1.0"

[[package]]
name = "door6"
version = "0.1.0"

[[package]]
name = "door8"
version = "0.1.0"

[[package]]
name = "door9"
version = "0.1.0"
